
Microsoft Visual Studio Solution File, Format Version 12.00
# Visual Studio Version 18
VisualStudioVersion = 18.3.11512.155 d18.3
MinimumVisualStudioVersion = 10.0.40219.1
Project("{FAE04EC0-301F-11D3-BF4B-00C04F79EFBC}") = "StepCue.TenantApp.Web", "StepCue.TenantApp.Web\StepCue.TenantApp.Web.csproj", "{F2634CB1-5C3E-42EF-A783-7900CBB8F18F}"
EndProject
Project("{FAE04EC0-301F-11D3-BF4B-00C04F79EFBC}") = "StepCue.TenantApp.Data", "StepCue.TenantApp.Data\StepCue.TenantApp.Data.csproj", "{2F2B4B8E-56CC-477C-9F73-77BC7CBBCC05}"
EndProject
Project("{FAE04EC0-301F-11D3-BF4B-00C04F79EFBC}") = "StepCue.TenantApp.Core", "StepCue.TenantApp.Core\StepCue.TenantApp.Core.csproj", "{AE001CF7-2DD9-4BBC-AEB3-4DC76BF6A968}"
EndProject
Project("{FAE04EC0-301F-11D3-BF4B-00C04F79EFBC}") = "StepCue.TenantApp.Core.Tests", "StepCue.TenantApp.Core.Tests\StepCue.TenantApp.Core.Tests.csproj", "{B3BC59F8-03A5-4049-A28B-6E345F994D9C}"
EndProject
Project("{2150E333-8FDC-42A3-9474-1A3956D46DE8}") = "Solution Items", "Solution Items", "{30AD168C-8FE5-49FF-88EB-59492EEC4EE6}"
	ProjectSection(SolutionItems) = preProject
		.github\copilot-instructions.md = .github\copilot-instructions.md
		README.md = README.md
	EndProjectSection
EndProject
Global
	GlobalSection(SolutionConfigurationPlatforms) = preSolution
		Debug|Any CPU = Debug|Any CPU
		Release|Any CPU = Release|Any CPU
	EndGlobalSection
	GlobalSection(ProjectConfigurationPlatforms) = postSolution
		{F2634CB1-5C3E-42EF-A783-7900CBB8F18F}.Debug|Any CPU.ActiveCfg = Debug|Any CPU
		{F2634CB1-5C3E-42EF-A783-7900CBB8F18F}.Debug|Any CPU.Build.0 = Debug|Any CPU
		{F2634CB1-5C3E-42EF-A783-7900CBB8F18F}.Release|Any CPU.ActiveCfg = Release|Any CPU
		{F2634CB1-5C3E-42EF-A783-7900CBB8F18F}.Release|Any CPU.Build.0 = Release|Any CPU
		{2F2B4B8E-56CC-477C-9F73-77BC7CBBCC05}.Debug|Any CPU.ActiveCfg = Debug|Any CPU
		{2F2B4B8E-56CC-477C-9F73-77BC7CBBCC05}.Debug|Any CPU.Build.0 = Debug|Any CPU
		{2F2B4B8E-56CC-477C-9F73-77BC7CBBCC05}.Release|Any CPU.ActiveCfg = Release|Any CPU
		{2F2B4B8E-56CC-477C-9F73-77BC7CBBCC05}.Release|Any CPU.Build.0 = Release|Any CPU
		{AE001CF7-2DD9-4BBC-AEB3-4DC76BF6A968}.Debug|Any CPU.ActiveCfg = Debug|Any CPU
		{AE001CF7-2DD9-4BBC-AEB3-4DC76BF6A968}.Debug|Any CPU.Build.0 = Debug|Any CPU
		{AE001CF7-2DD9-4BBC-AEB3-4DC76BF6A968}.Release|Any CPU.ActiveCfg = Release|Any CPU
		{AE001CF7-2DD9-4BBC-AEB3-4DC76BF6A968}.Release|Any CPU.Build.0 = Release|Any CPU
		{B3BC59F8-03A5-4049-A28B-6E345F994D9C}.Debug|Any CPU.ActiveCfg = Debug|Any CPU
		{B3BC59F8-03A5-4049-A28B-6E345F994D9C}.Debug|Any CPU.Build.0 = Debug|Any CPU
		{B3BC59F8-03A5-4049-A28B-6E345F994D9C}.Release|Any CPU.ActiveCfg = Release|Any CPU
		{B3BC59F8-03A5-4049-A28B-6E345F994D9C}.Release|Any CPU.Build.0 = Release|Any CPU
	EndGlobalSection
	GlobalSection(SolutionProperties) = preSolution
		HideSolutionNode = FALSE
	EndGlobalSection
	GlobalSection(ExtensibilityGlobals) = postSolution
		SolutionGuid = {0040E1B1-E1AF-4E11-9BE9-ACF88F875008}
	EndGlobalSection
EndGlobal
